// !$*UTF8*$!
{
	archiveVersion = 1;
	classes = {
	};
	objectVersion = 56;
	objects = {

/* Begin PBXBuildFile section */
		CA34AAA62BA625AF00DF7188 /* AppDelegate.swift in Sources */ = {isa = PBXBuildFile; fileRef = CA34AAA52BA625AF00DF7188 /* AppDelegate.swift */; };
		CA34AAA82BA625AF00DF7188 /* SceneDelegate.swift in Sources */ = {isa = PBXBuildFile; fileRef = CA34AAA72BA625AF00DF7188 /* SceneDelegate.swift */; };
		CA34AAAF2BA625B100DF7188 /* Assets.xcassets in Resources */ = {isa = PBXBuildFile; fileRef = CA34AAAE2BA625B100DF7188 /* Assets.xcassets */; };
		CA34AAB22BA625B100DF7188 /* LaunchScreen.storyboard in Resources */ = {isa = PBXBuildFile; fileRef = CA34AAB02BA625B100DF7188 /* LaunchScreen.storyboard */; };
		CA34AABA2BA6278200DF7188 /* WishMakerViewController.swift in Sources */ = {isa = PBXBuildFile; fileRef = CA34AAB92BA6278200DF7188 /* WishMakerViewController.swift */; };
		CA34AABD2BA630FD00DF7188 /* CustomSlider.swift in Sources */ = {isa = PBXBuildFile; fileRef = CA34AABC2BA630FD00DF7188 /* CustomSlider.swift */; };
		CA9E422E2BA662F600101C69 /* WishStoringViewController.swift in Sources */ = {isa = PBXBuildFile; fileRef = CA9E422D2BA662F600101C69 /* WishStoringViewController.swift */; };
		CA9E42302BA66C7C00101C69 /* WrittenWishCell.swift in Sources */ = {isa = PBXBuildFile; fileRef = CA9E422F2BA66C7C00101C69 /* WrittenWishCell.swift */; };
		CA9E42332BA66F5400101C69 /* UIViewPin.swift in Sources */ = {isa = PBXBuildFile; fileRef = CA9E42322BA66F5400101C69 /* UIViewPin.swift */; };
		CA9E42352BA67E8000101C69 /* AddWishCell.swift in Sources */ = {isa = PBXBuildFile; fileRef = CA9E42342BA67E8000101C69 /* AddWishCell.swift */; };
		CAAF5A4A2BA6DB3B0066E2C8 /* WishCalendarViewController.swift in Sources */ = {isa = PBXBuildFile; fileRef = CAAF5A492BA6DB3A0066E2C8 /* WishCalendarViewController.swift */; };
		CAAF5A4C2BA6E0CA0066E2C8 /* WishEventCell.swift in Sources */ = {isa = PBXBuildFile; fileRef = CAAF5A4B2BA6E0CA0066E2C8 /* WishEventCell.swift */; };
		CAAF5A4F2BA6E1BA0066E2C8 /* WishEventModel.swift in Sources */ = {isa = PBXBuildFile; fileRef = CAAF5A4E2BA6E1BA0066E2C8 /* WishEventModel.swift */; };
		CAAF5A512BA6E7040066E2C8 /* WishEventCreationView.swift in Sources */ = {isa = PBXBuildFile; fileRef = CAAF5A502BA6E7040066E2C8 /* WishEventCreationView.swift */; };
		CAAF5A542BA6EDBB0066E2C8 /* CalendarEventManager.swift in Sources */ = {isa = PBXBuildFile; fileRef = CAAF5A532BA6EDBB0066E2C8 /* CalendarEventManager.swift */; };
/* End PBXBuildFile section */

/* Begin PBXFileReference section */
		CA34AAA22BA625AF00DF7188 /* aszabelinPW2.app */ = {isa = PBXFileReference; explicitFileType = wrapper.application; includeInIndex = 0; path = aszabelinPW2.app; sourceTree = BUILT_PRODUCTS_DIR; };
		CA34AAA52BA625AF00DF7188 /* AppDelegate.swift */ = {isa = PBXFileReference; lastKnownFileType = sourcecode.swift; path = AppDelegate.swift; sourceTree = "<group>"; };
		CA34AAA72BA625AF00DF7188 /* SceneDelegate.swift */ = {isa = PBXFileReference; lastKnownFileType = sourcecode.swift; path = SceneDelegate.swift; sourceTree = "<group>"; };
		CA34AAAE2BA625B100DF7188 /* Assets.xcassets */ = {isa = PBXFileReference; lastKnownFileType = folder.assetcatalog; path = Assets.xcassets; sourceTree = "<group>"; };
		CA34AAB12BA625B100DF7188 /* Base */ = {isa = PBXFileReference; lastKnownFileType = file.storyboard; name = Base; path = Base.lproj/LaunchScreen.storyboard; sourceTree = "<group>"; };
		CA34AAB32BA625B100DF7188 /* Info.plist */ = {isa = PBXFileReference; lastKnownFileType = text.plist.xml; path = Info.plist; sourceTree = "<group>"; };
		CA34AAB92BA6278200DF7188 /* WishMakerViewController.swift */ = {isa = PBXFileReference; lastKnownFileType = sourcecode.swift; path = WishMakerViewController.swift; sourceTree = "<group>"; };
		CA34AABC2BA630FD00DF7188 /* CustomSlider.swift */ = {isa = PBXFileReference; lastKnownFileType = sourcecode.swift; path = CustomSlider.swift; sourceTree = "<group>"; };
		CA9E422D2BA662F600101C69 /* WishStoringViewController.swift */ = {isa = PBXFileReference; lastKnownFileType = sourcecode.swift; path = WishStoringViewController.swift; sourceTree = "<group>"; };
		CA9E422F2BA66C7C00101C69 /* WrittenWishCell.swift */ = {isa = PBXFileReference; lastKnownFileType = sourcecode.swift; path = WrittenWishCell.swift; sourceTree = "<group>"; };
		CA9E42322BA66F5400101C69 /* UIViewPin.swift */ = {isa = PBXFileReference; lastKnownFileType = sourcecode.swift; path = UIViewPin.swift; sourceTree = "<group>"; };
		CA9E42342BA67E8000101C69 /* AddWishCell.swift */ = {isa = PBXFileReference; lastKnownFileType = sourcecode.swift; path = AddWishCell.swift; sourceTree = "<group>"; };
		CAAF5A492BA6DB3A0066E2C8 /* WishCalendarViewController.swift */ = {isa = PBXFileReference; lastKnownFileType = sourcecode.swift; path = WishCalendarViewController.swift; sourceTree = "<group>"; };
		CAAF5A4B2BA6E0CA0066E2C8 /* WishEventCell.swift */ = {isa = PBXFileReference; lastKnownFileType = sourcecode.swift; path = WishEventCell.swift; sourceTree = "<group>"; };
		CAAF5A4E2BA6E1BA0066E2C8 /* WishEventModel.swift */ = {isa = PBXFileReference; lastKnownFileType = sourcecode.swift; path = WishEventModel.swift; sourceTree = "<group>"; };
		CAAF5A502BA6E7040066E2C8 /* WishEventCreationView.swift */ = {isa = PBXFileReference; lastKnownFileType = sourcecode.swift; path = WishEventCreationView.swift; sourceTree = "<group>"; };
		CAAF5A532BA6EDBB0066E2C8 /* CalendarEventManager.swift */ = {isa = PBXFileReference; lastKnownFileType = sourcecode.swift; path = CalendarEventManager.swift; sourceTree = "<group>"; };
/* End PBXFileReference section */

/* Begin PBXFrameworksBuildPhase section */
		CA34AA9F2BA625AF00DF7188 /* Frameworks */ = {
			isa = PBXFrameworksBuildPhase;
			buildActionMask = 2147483647;
			files = (
			);
			runOnlyForDeploymentPostprocessing = 0;
		};
/* End PBXFrameworksBuildPhase section */

/* Begin PBXGroup section */
		CA34AA992BA625AF00DF7188 = {
			isa = PBXGroup;
			children = (
				CA34AAA42BA625AF00DF7188 /* aszabelinPW2 */,
				CA34AAA32BA625AF00DF7188 /* Products */,
			);
			sourceTree = "<group>";
		};
		CA34AAA32BA625AF00DF7188 /* Products */ = {
			isa = PBXGroup;
			children = (
				CA34AAA22BA625AF00DF7188 /* aszabelinPW2.app */,
			);
			name = Products;
			sourceTree = "<group>";
		};
		CA34AAA42BA625AF00DF7188 /* aszabelinPW2 */ = {
			isa = PBXGroup;
			children = (
				CAAF5A522BA6EDAB0066E2C8 /* Managers */,
				CAAF5A4D2BA6E1AC0066E2C8 /* Models */,
				CAAF5A482BA6DB0B0066E2C8 /* Controllers */,
				CA9E42312BA66F3900101C69 /* Utils */,
				CA34AABB2BA630DF00DF7188 /* Views */,
				CA34AAA52BA625AF00DF7188 /* AppDelegate.swift */,
				CA34AAA72BA625AF00DF7188 /* SceneDelegate.swift */,
				CA34AAAE2BA625B100DF7188 /* Assets.xcassets */,
				CA34AAB02BA625B100DF7188 /* LaunchScreen.storyboard */,
				CA34AAB32BA625B100DF7188 /* Info.plist */,
			);
			path = aszabelinPW2;
			sourceTree = "<group>";
		};
		CA34AABB2BA630DF00DF7188 /* Views */ = {
			isa = PBXGroup;
			children = (
				CA34AABC2BA630FD00DF7188 /* CustomSlider.swift */,
				CA9E422F2BA66C7C00101C69 /* WrittenWishCell.swift */,
				CA9E42342BA67E8000101C69 /* AddWishCell.swift */,
				CAAF5A4B2BA6E0CA0066E2C8 /* WishEventCell.swift */,
			);
			path = Views;
			sourceTree = "<group>";
		};
		CA9E42312BA66F3900101C69 /* Utils */ = {
			isa = PBXGroup;
			children = (
				CA9E42322BA66F5400101C69 /* UIViewPin.swift */,
			);
			path = Utils;
			sourceTree = "<group>";
		};
		CAAF5A482BA6DB0B0066E2C8 /* Controllers */ = {
			isa = PBXGroup;
			children = (
				CA9E422D2BA662F600101C69 /* WishStoringViewController.swift */,
				CA34AAB92BA6278200DF7188 /* WishMakerViewController.swift */,
				CAAF5A492BA6DB3A0066E2C8 /* WishCalendarViewController.swift */,
				CAAF5A502BA6E7040066E2C8 /* WishEventCreationView.swift */,
			);
			path = Controllers;
			sourceTree = "<group>";
		};
		CAAF5A4D2BA6E1AC0066E2C8 /* Models */ = {
			isa = PBXGroup;
			children = (
				CAAF5A4E2BA6E1BA0066E2C8 /* WishEventModel.swift */,
			);
			path = Models;
			sourceTree = "<group>";
		};
		CAAF5A522BA6EDAB0066E2C8 /* Managers */ = {
			isa = PBXGroup;
			children = (
				CAAF5A532BA6EDBB0066E2C8 /* CalendarEventManager.swift */,
			);
			path = Managers;
			sourceTree = "<group>";
		};
/* End PBXGroup section */

/* Begin PBXNativeTarget section */
		CA34AAA12BA625AF00DF7188 /* aszabelinPW2 */ = {
			isa = PBXNativeTarget;
			buildConfigurationList = CA34AAB62BA625B100DF7188 /* Build configuration list for PBXNativeTarget "aszabelinPW2" */;
			buildPhases = (
				CA34AA9E2BA625AF00DF7188 /* Sources */,
				CA34AA9F2BA625AF00DF7188 /* Frameworks */,
				CA34AAA02BA625AF00DF7188 /* Resources */,
			);
			buildRules = (
			);
			dependencies = (
			);
			name = aszabelinPW2;
			productName = aszabelinPW2;
			productReference = CA34AAA22BA625AF00DF7188 /* aszabelinPW2.app */;
			productType = "com.apple.product-type.application";
		};
/* End PBXNativeTarget section */

/* Begin PBXProject section */
		CA34AA9A2BA625AF00DF7188 /* Project object */ = {
			isa = PBXProject;
			attributes = {
				BuildIndependentTargetsInParallel = 1;
				LastSwiftUpdateCheck = 1420;
				LastUpgradeCheck = 1420;
				TargetAttributes = {
					CA34AAA12BA625AF00DF7188 = {
						CreatedOnToolsVersion = 14.2;
					};
				};
			};
			buildConfigurationList = CA34AA9D2BA625AF00DF7188 /* Build configuration list for PBXProject "aszabelinPW2" */;
			compatibilityVersion = "Xcode 14.0";
			developmentRegion = en;
			hasScannedForEncodings = 0;
			knownRegions = (
				en,
				Base,
			);
			mainGroup = CA34AA992BA625AF00DF7188;
			productRefGroup = CA34AAA32BA625AF00DF7188 /* Products */;
			projectDirPath = "";
			projectRoot = "";
			targets = (
				CA34AAA12BA625AF00DF7188 /* aszabelinPW2 */,
			);
		};
/* End PBXProject section */

/* Begin PBXResourcesBuildPhase section */
		CA34AAA02BA625AF00DF7188 /* Resources */ = {
			isa = PBXResourcesBuildPhase;
			buildActionMask = 2147483647;
			files = (
				CA34AAB22BA625B100DF7188 /* LaunchScreen.storyboard in Resources */,
				CA34AAAF2BA625B100DF7188 /* Assets.xcassets in Resources */,
			);
			runOnlyForDeploymentPostprocessing = 0;
		};
/* End PBXResourcesBuildPhase section */

/* Begin PBXSourcesBuildPhase section */
		CA34AA9E2BA625AF00DF7188 /* Sources */ = {
			isa = PBXSourcesBuildPhase;
			buildActionMask = 2147483647;
			files = (
				CAAF5A4A2BA6DB3B0066E2C8 /* WishCalendarViewController.swift in Sources */,
				CA9E42352BA67E8000101C69 /* AddWishCell.swift in Sources */,
				CA34AAA62BA625AF00DF7188 /* AppDelegate.swift in Sources */,
				CAAF5A512BA6E7040066E2C8 /* WishEventCreationView.swift in Sources */,
				CA34AABA2BA6278200DF7188 /* WishMakerViewController.swift in Sources */,
				CAAF5A542BA6EDBB0066E2C8 /* CalendarEventManager.swift in Sources */,
				CAAF5A4F2BA6E1BA0066E2C8 /* WishEventModel.swift in Sources */,
				CA34AAA82BA625AF00DF7188 /* SceneDelegate.swift in Sources */,
				CAAF5A4C2BA6E0CA0066E2C8 /* WishEventCell.swift in Sources */,
				CA34AABD2BA630FD00DF7188 /* CustomSlider.swift in Sources */,
				CA9E42332BA66F5400101C69 /* UIViewPin.swift in Sources */,
				CA9E42302BA66C7C00101C69 /* WrittenWishCell.swift in Sources */,
				CA9E422E2BA662F600101C69 /* WishStoringViewController.swift in Sources */,
			);
			runOnlyForDeploymentPostprocessing = 0;
		};
/* End PBXSourcesBuildPhase section */

/* Begin PBXVariantGroup section */
		CA34AAB02BA625B100DF7188 /* LaunchScreen.storyboard */ = {
			isa = PBXVariantGroup;
			children = (
				CA34AAB12BA625B100DF7188 /* Base */,
			);
			name = LaunchScreen.storyboard;
			sourceTree = "<group>";
		};
/* End PBXVariantGroup section */

/* Begin XCBuildConfiguration section */
		CA34AAB42BA625B100DF7188 /* Debug */ = {
			isa = XCBuildConfiguration;
			buildSettings = {
				ALWAYS_SEARCH_USER_PATHS = NO;
				CLANG_ANALYZER_NONNULL = YES;
				CLANG_ANALYZER_NUMBER_OBJECT_CONVERSION = YES_AGGRESSIVE;
				CLANG_CXX_LANGUAGE_STANDARD = "gnu++20";
				CLANG_ENABLE_MODULES = YES;
				CLANG_ENABLE_OBJC_ARC = YES;
				CLANG_ENABLE_OBJC_WEAK = YES;
				CLANG_WARN_BLOCK_CAPTURE_AUTORELEASING = YES;
				CLANG_WARN_BOOL_CONVERSION = YES;
				CLANG_WARN_COMMA = YES;
				CLANG_WARN_CONSTANT_CONVERSION = YES;
				CLANG_WARN_DEPRECATED_OBJC_IMPLEMENTATIONS = YES;
				CLANG_WARN_DIRECT_OBJC_ISA_USAGE = YES_ERROR;
				CLANG_WARN_DOCUMENTATION_COMMENTS = YES;
				CLANG_WARN_EMPTY_BODY = YES;
				CLANG_WARN_ENUM_CONVERSION = YES;
				CLANG_WARN_INFINITE_RECURSION = YES;
				CLANG_WARN_INT_CONVERSION = YES;
				CLANG_WARN_NON_LITERAL_NULL_CONVERSION = YES;
				CLANG_WARN_OBJC_IMPLICIT_RETAIN_SELF = YES;
				CLANG_WARN_OBJC_LITERAL_CONVERSION = YES;
				CLANG_WARN_OBJC_ROOT_CLASS = YES_ERROR;
				CLANG_WARN_QUOTED_INCLUDE_IN_FRAMEWORK_HEADER = YES;
				CLANG_WARN_RANGE_LOOP_ANALYSIS = YES;
				CLANG_WARN_STRICT_PROTOTYPES = YES;
				CLANG_WARN_SUSPICIOUS_MOVE = YES;
				CLANG_WARN_UNGUARDED_AVAILABILITY = YES_AGGRESSIVE;
				CLANG_WARN_UNREACHABLE_CODE = YES;
				CLANG_WARN__DUPLICATE_METHOD_MATCH = YES;
				COPY_PHASE_STRIP = NO;
				DEBUG_INFORMATION_FORMAT = dwarf;
				ENABLE_STRICT_OBJC_MSGSEND = YES;
				ENABLE_TESTABILITY = YES;
				GCC_C_LANGUAGE_STANDARD = gnu11;
				GCC_DYNAMIC_NO_PIC = NO;
				GCC_NO_COMMON_BLOCKS = YES;
				GCC_OPTIMIZATION_LEVEL = 0;
				GCC_PREPROCESSOR_DEFINITIONS = (
					"DEBUG=1",
					"$(inherited)",
				);
				GCC_WARN_64_TO_32_BIT_CONVERSION = YES;
				GCC_WARN_ABOUT_RETURN_TYPE = YES_ERROR;
				GCC_WARN_UNDECLARED_SELECTOR = YES;
				GCC_WARN_UNINITIALIZED_AUTOS = YES_AGGRESSIVE;
				GCC_WARN_UNUSED_FUNCTION = YES;
				GCC_WARN_UNUSED_VARIABLE = YES;
				IPHONEOS_DEPLOYMENT_TARGET = 16.2;
				MTL_ENABLE_DEBUG_INFO = INCLUDE_SOURCE;
				MTL_FAST_MATH = YES;
				ONLY_ACTIVE_ARCH = YES;
				SDKROOT = iphoneos;
				SWIFT_ACTIVE_COMPILATION_CONDITIONS = DEBUG;
				SWIFT_OPTIMIZATION_LEVEL = "-Onone";
			};
			name = Debug;
		};
		CA34AAB52BA625B100DF7188 /* Release */ = {
			isa = XCBuildConfiguration;
			buildSettings = {
				ALWAYS_SEARCH_USER_PATHS = NO;
				CLANG_ANALYZER_NONNULL = YES;
				CLANG_ANALYZER_NUMBER_OBJECT_CONVERSION = YES_AGGRESSIVE;
				CLANG_CXX_LANGUAGE_STANDARD = "gnu++20";
				CLANG_ENABLE_MODULES = YES;
				CLANG_ENABLE_OBJC_ARC = YES;
				CLANG_ENABLE_OBJC_WEAK = YES;
				CLANG_WARN_BLOCK_CAPTURE_AUTORELEASING = YES;
				CLANG_WARN_BOOL_CONVERSION = YES;
				CLANG_WARN_COMMA = YES;
				CLANG_WARN_CONSTANT_CONVERSION = YES;
				CLANG_WARN_DEPRECATED_OBJC_IMPLEMENTATIONS = YES;
				CLANG_WARN_DIRECT_OBJC_ISA_USAGE = YES_ERROR;
				CLANG_WARN_DOCUMENTATION_COMMENTS = YES;
				CLANG_WARN_EMPTY_BODY = YES;
				CLANG_WARN_ENUM_CONVERSION = YES;
				CLANG_WARN_INFINITE_RECURSION = YES;
				CLANG_WARN_INT_CONVERSION = YES;
				CLANG_WARN_NON_LITERAL_NULL_CONVERSION = YES;
				CLANG_WARN_OBJC_IMPLICIT_RETAIN_SELF = YES;
				CLANG_WARN_OBJC_LITERAL_CONVERSION = YES;
				CLANG_WARN_OBJC_ROOT_CLASS = YES_ERROR;
				CLANG_WARN_QUOTED_INCLUDE_IN_FRAMEWORK_HEADER = YES;
				CLANG_WARN_RANGE_LOOP_ANALYSIS = YES;
				CLANG_WARN_STRICT_PROTOTYPES = YES;
				CLANG_WARN_SUSPICIOUS_MOVE = YES;
				CLANG_WARN_UNGUARDED_AVAILABILITY = YES_AGGRESSIVE;
				CLANG_WARN_UNREACHABLE_CODE = YES;
				CLANG_WARN__DUPLICATE_METHOD_MATCH = YES;
				COPY_PHASE_STRIP = NO;
				DEBUG_INFORMATION_FORMAT = "dwarf-with-dsym";
				ENABLE_NS_ASSERTIONS = NO;
				ENABLE_STRICT_OBJC_MSGSEND = YES;
				GCC_C_LANGUAGE_STANDARD = gnu11;
				GCC_NO_COMMON_BLOCKS = YES;
				GCC_WARN_64_TO_32_BIT_CONVERSION = YES;
				GCC_WARN_ABOUT_RETURN_TYPE = YES_ERROR;
				GCC_WARN_UNDECLARED_SELECTOR = YES;
				GCC_WARN_UNINITIALIZED_AUTOS = YES_AGGRESSIVE;
				GCC_WARN_UNUSED_FUNCTION = YES;
				GCC_WARN_UNUSED_VARIABLE = YES;
				IPHONEOS_DEPLOYMENT_TARGET = 16.2;
				MTL_ENABLE_DEBUG_INFO = NO;
				MTL_FAST_MATH = YES;
				SDKROOT = iphoneos;
				SWIFT_COMPILATION_MODE = wholemodule;
				SWIFT_OPTIMIZATION_LEVEL = "-O";
				VALIDATE_PRODUCT = YES;
			};
			name = Release;
		};
		CA34AAB72BA625B100DF7188 /* Debug */ = {
			isa = XCBuildConfiguration;
			buildSettings = {
				ASSETCATALOG_COMPILER_APPICON_NAME = AppIcon;
				ASSETCATALOG_COMPILER_GLOBAL_ACCENT_COLOR_NAME = AccentColor;
				CODE_SIGN_STYLE = Automatic;
				CURRENT_PROJECT_VERSION = 1;
				GENERATE_INFOPLIST_FILE = YES;
				INFOPLIST_FILE = aszabelinPW2/Info.plist;
				INFOPLIST_KEY_NSCalendarsUsageDescription = "Calendar access is crucial to spy on you";
				INFOPLIST_KEY_UIApplicationSupportsIndirectInputEvents = YES;
				INFOPLIST_KEY_UILaunchStoryboardName = LaunchScreen;
				INFOPLIST_KEY_UISupportedInterfaceOrientations_iPad = "UIInterfaceOrientationPortrait UIInterfaceOrientationPortraitUpsideDown UIInterfaceOrientationLandscapeLeft UIInterfaceOrientationLandscapeRight";
				INFOPLIST_KEY_UISupportedInterfaceOrientations_iPhone = "UIInterfaceOrientationPortrait UIInterfaceOrientationLandscapeLeft UIInterfaceOrientationLandscapeRight";
				IPHONEOS_DEPLOYMENT_TARGET = 13.0;
				LD_RUNPATH_SEARCH_PATHS = (
					"$(inherited)",
					"@executable_path/Frameworks",
				);
				MARKETING_VERSION = 1.0;
				PRODUCT_BUNDLE_IDENTIFIER = aszabelin.aszabelinPW2;
				PRODUCT_NAME = "$(TARGET_NAME)";
				SWIFT_EMIT_LOC_STRINGS = YES;
				SWIFT_VERSION = 5.0;
				TARGETED_DEVICE_FAMILY = "1,2";
			};
			name = Debug;
		};
		CA34AAB82BA625B100DF7188 /* Release */ = {
			isa = XCBuildConfiguration;
			buildSettings = {
				ASSETCATALOG_COMPILER_APPICON_NAME = AppIcon;
				ASSETCATALOG_COMPILER_GLOBAL_ACCENT_COLOR_NAME = AccentColor;
				CODE_SIGN_STYLE = Automatic;
				CURRENT_PROJECT_VERSION = 1;
				GENERATE_INFOPLIST_FILE = YES;
				INFOPLIST_FILE = aszabelinPW2/Info.plist;
				INFOPLIST_KEY_NSCalendarsUsageDescription = "Calendar access is crucial to spy on you";
				INFOPLIST_KEY_UIApplicationSupportsIndirectInputEvents = YES;
				INFOPLIST_KEY_UILaunchStoryboardName = LaunchScreen;
				INFOPLIST_KEY_UISupportedInterfaceOrientations_iPad = "UIInterfaceOrientationPortrait UIInterfaceOrientationPortraitUpsideDown UIInterfaceOrientationLandscapeLeft UIInterfaceOrientationLandscapeRight";
				INFOPLIST_KEY_UISupportedInterfaceOrientations_iPhone = "UIInterfaceOrientationPortrait UIInterfaceOrientationLandscapeLeft UIInterfaceOrientationLandscapeRight";
				IPHONEOS_DEPLOYMENT_TARGET = 13.0;
				LD_RUNPATH_SEARCH_PATHS = (
					"$(inherited)",
					"@executable_path/Frameworks",
				);
				MARKETING_VERSION = 1.0;
				PRODUCT_BUNDLE_IDENTIFIER = aszabelin.aszabelinPW2;
				PRODUCT_NAME = "$(TARGET_NAME)";
				SWIFT_EMIT_LOC_STRINGS = YES;
				SWIFT_VERSION = 5.0;
				TARGETED_DEVICE_FAMILY = "1,2";
			};
			name = Release;
		};
/* End XCBuildConfiguration section */

/* Begin XCConfigurationList section */
		CA34AA9D2BA625AF00DF7188 /* Build configuration list for PBXProject "aszabelinPW2" */ = {
			isa = XCConfigurationList;
			buildConfigurations = (
				CA34AAB42BA625B100DF7188 /* Debug */,
				CA34AAB52BA625B100DF7188 /* Release */,
			);
			defaultConfigurationIsVisible = 0;
			defaultConfigurationName = Release;
		};
		CA34AAB62BA625B100DF7188 /* Build configuration list for PBXNativeTarget "aszabelinPW2" */ = {
			isa = XCConfigurationList;
			buildConfigurations = (
				CA34AAB72BA625B100DF7188 /* Debug */,
				CA34AAB82BA625B100DF7188 /* Release */,
			);
			defaultConfigurationIsVisible = 0;
			defaultConfigurationName = Release;
		};
/* End XCConfigurationList section */
	};
	rootObject = CA34AA9A2BA625AF00DF7188 /* Project object */;
}
